{
  "name": "@walls/object.pick",
  "version": "1.0.0",
  "lockfileVersion": 1,
  "requires": true,
  "dependencies": {
    "get-value": {
      "version": "3.0.1",
      "resolved": "https://registry.npmjs.org/get-value/-/get-value-3.0.1.tgz",
      "integrity": "sha512-mKZj9JLQrwMBtj5wxi6MH8Z5eSKaERpAwjg43dPtlGI1ZVEgH/qC7T8/6R2OBSUA+zzHBZgICsVJaEIV2tKTDA==",
      "requires": {
        "isobject": "^3.0.1"
      },
      "dependencies": {
        "isobject": {
          "version": "3.0.1",
          "resolved": "https://registry.npmjs.org/isobject/-/isobject-3.0.1.tgz",
          "integrity": "sha1-TkMekrEalzFjaqH5yNHMvP2reN8="
        }
      }
    },
    "has-value": {
      "version": "2.0.2",
      "resolved": "https://registry.npmjs.org/has-value/-/has-value-2.0.2.tgz",
      "integrity": "sha512-ybKOlcRsK2MqrM3Hmz/lQxXHZ6ejzSPzpNabKB45jb5qDgJvKPa3SdapTsTLwEb9WltgWpOmNax7i+DzNOk4TA==",
      "requires": {
        "get-value": "^3.0.0",
        "has-values": "^2.0.1"
      }
    },
    "has-values": {
      "version": "2.0.1",
      "resolved": "https://registry.npmjs.org/has-values/-/has-values-2.0.1.tgz",
      "integrity": "sha512-+QdH3jOmq9P8GfdjFg0eJudqx1FqU62NQJ4P16rOEHeRdl7ckgwn6uqQjzYE0ZoHVV/e5E2esuJ5Gl5+HUW19w==",
      "requires": {
        "kind-of": "^6.0.2"
      }
    },
    "is-plain-object": {
      "version": "2.0.4",
      "resolved": "https://registry.npmjs.org/is-plain-object/-/is-plain-object-2.0.4.tgz",
      "integrity": "sha512-h5PpgXkWitc38BBMYawTYMWJHFZJVnBquFE57xFpjB8pJFiF6gZ+bU+WyI/yqXiFR5mdLsgYNaPe8uao6Uv9Og==",
      "requires": {
        "isobject": "^3.0.1"
      },
      "dependencies": {
        "isobject": {
          "version": "3.0.1",
          "resolved": "https://registry.npmjs.org/isobject/-/isobject-3.0.1.tgz",
          "integrity": "sha1-TkMekrEalzFjaqH5yNHMvP2reN8="
        }
      }
    },
    "isobject": {
      "version": "4.0.0",
      "resolved": "https://registry.npmjs.org/isobject/-/isobject-4.0.0.tgz",
      "integrity": "sha512-S/2fF5wH8SJA/kmwr6HYhK/RI/OkhD84k8ntalo0iJjZikgq1XFvR5M8NPT1x5F7fBwCG3qHfnzeP/Vh/ZxCUA=="
    },
    "kind-of": {
      "version": "6.0.2",
      "resolved": "https://registry.npmjs.org/kind-of/-/kind-of-6.0.2.tgz",
      "integrity": "sha512-s5kLOcnH0XqDO+FvuaLX8DDjZ18CGFk7VygH40QoKPUQhW4e2rvM0rwUq0t8IQDOwYSeLK01U90OjzBTme2QqA=="
    },
    "set-value": {
      "version": "3.0.1",
      "resolved": "https://registry.npmjs.org/set-value/-/set-value-3.0.1.tgz",
      "integrity": "sha512-w6n3GUPYAWQj4ZyHWzD7K2FnFXHx9OTwJYbWg+6nXjG8sCLfs9DGv+KlqglKIIJx+ks7MlFuwFW2RBPb+8V+xg==",
      "requires": {
        "is-plain-object": "^2.0.4"
      }
    }
  }
}
